
Microsoft Visual Studio Solution File, Format Version 12.00
# Visual Studio Version 17
VisualStudioVersion = 17.1.32210.238
MinimumVisualStudioVersion = 10.0.40219.1
Project("{9A19103F-16F7-4668-BE54-9A1E7A4F7556}") = "newTolkuchka", "newTolkuchka\newTolkuchka.csproj", "{E45E6A7E-3BDE-4352-B100-19D99C589285}"
EndProject
Global
	GlobalSection(SolutionConfigurationPlatforms) = preSolution
		Debug|Any CPU = Debug|Any CPU
		Release|Any CPU = Release|Any CPU
	EndGlobalSection
	GlobalSection(ProjectConfigurationPlatforms) = postSolution
		{E45E6A7E-3BDE-4352-B100-19D99C589285}.Debug|Any CPU.ActiveCfg = Debug|Any CPU
		{E45E6A7E-3BDE-4352-B100-19D99C589285}.Debug|Any CPU.Build.0 = Debug|Any CPU
		{E45E6A7E-3BDE-4352-B100-19D99C589285}.Release|Any CPU.ActiveCfg = Debug|Any CPU
		{E45E6A7E-3BDE-4352-B100-19D99C589285}.Release|Any CPU.Build.0 = Debug|Any CPU
	EndGlobalSection
	GlobalSection(SolutionProperties) = preSolution
		HideSolutionNode = FALSE
	EndGlobalSection
	GlobalSection(ExtensibilityGlobals) = postSolution
		SolutionGuid = {D1F98351-D637-44FB-9275-F271C644D491}
	EndGlobalSection
EndGlobal
